// !$*UTF8*$!
{
	archiveVersion = 1;
	classes = {
	};
	objectVersion = 56;
	objects = {

/* Begin PBXBuildFile section */
		0416C0BA2A82BC2D0014EC80 /* AppDelegate.swift in Sources */ = {isa = PBXBuildFile; fileRef = 0416C0B92A82BC2D0014EC80 /* AppDelegate.swift */; };
		0416C0BC2A82BC2D0014EC80 /* SceneDelegate.swift in Sources */ = {isa = PBXBuildFile; fileRef = 0416C0BB2A82BC2D0014EC80 /* SceneDelegate.swift */; };
		0416C0BE2A82BC2D0014EC80 /* ViewController.swift in Sources */ = {isa = PBXBuildFile; fileRef = 0416C0BD2A82BC2D0014EC80 /* ViewController.swift */; };
		0416C0C12A82BC2D0014EC80 /* Main.storyboard in Resources */ = {isa = PBXBuildFile; fileRef = 0416C0BF2A82BC2D0014EC80 /* Main.storyboard */; };
		0416C0C32A82BC2F0014EC80 /* Assets.xcassets in Resources */ = {isa = PBXBuildFile; fileRef = 0416C0C22A82BC2F0014EC80 /* Assets.xcassets */; };
		0416C0C62A82BC2F0014EC80 /* LaunchScreen.storyboard in Resources */ = {isa = PBXBuildFile; fileRef = 0416C0C42A82BC2F0014EC80 /* LaunchScreen.storyboard */; };
		0416C0CE2A82BC4E0014EC80 /* model.swift in Sources */ = {isa = PBXBuildFile; fileRef = 0416C0CD2A82BC4E0014EC80 /* model.swift */; };
		04916B452A838D5F00AFD482 /* TableViewCell.swift in Sources */ = {isa = PBXBuildFile; fileRef = 04916B442A838D5F00AFD482 /* TableViewCell.swift */; };
		04916B472A838EAC00AFD482 /* CollectionViewCell.swift in Sources */ = {isa = PBXBuildFile; fileRef = 04916B462A838EAC00AFD482 /* CollectionViewCell.swift */; };
		D5E790ACA1D7AF9DBFF16D7B /* Pods_hr_Scrolling_images.framework in Frameworks */ = {isa = PBXBuildFile; fileRef = 9B1D08206ED202C086DB4C74 /* Pods_hr_Scrolling_images.framework */; };
/* End PBXBuildFile section */

/* Begin PBXFileReference section */
		0416C0B62A82BC2D0014EC80 /* hr_Scrolling_images.app */ = {isa = PBXFileReference; explicitFileType = wrapper.application; includeInIndex = 0; path = hr_Scrolling_images.app; sourceTree = BUILT_PRODUCTS_DIR; };
		0416C0B92A82BC2D0014EC80 /* AppDelegate.swift */ = {isa = PBXFileReference; lastKnownFileType = sourcecode.swift; path = AppDelegate.swift; sourceTree = "<group>"; };
		0416C0BB2A82BC2D0014EC80 /* SceneDelegate.swift */ = {isa = PBXFileReference; lastKnownFileType = sourcecode.swift; path = SceneDelegate.swift; sourceTree = "<group>"; };
		0416C0BD2A82BC2D0014EC80 /* ViewController.swift */ = {isa = PBXFileReference; lastKnownFileType = sourcecode.swift; path = ViewController.swift; sourceTree = "<group>"; };
		0416C0C02A82BC2D0014EC80 /* Base */ = {isa = PBXFileReference; lastKnownFileType = file.storyboard; name = Base; path = Base.lproj/Main.storyboard; sourceTree = "<group>"; };
		0416C0C22A82BC2F0014EC80 /* Assets.xcassets */ = {isa = PBXFileReference; lastKnownFileType = folder.assetcatalog; path = Assets.xcassets; sourceTree = "<group>"; };
		0416C0C52A82BC2F0014EC80 /* Base */ = {isa = PBXFileReference; lastKnownFileType = file.storyboard; name = Base; path = Base.lproj/LaunchScreen.storyboard; sourceTree = "<group>"; };
		0416C0C72A82BC2F0014EC80 /* Info.plist */ = {isa = PBXFileReference; lastKnownFileType = text.plist.xml; path = Info.plist; sourceTree = "<group>"; };
		0416C0CD2A82BC4E0014EC80 /* model.swift */ = {isa = PBXFileReference; lastKnownFileType = sourcecode.swift; path = model.swift; sourceTree = "<group>"; };
		04916B442A838D5F00AFD482 /* TableViewCell.swift */ = {isa = PBXFileReference; lastKnownFileType = sourcecode.swift; path = TableViewCell.swift; sourceTree = "<group>"; };
		04916B462A838EAC00AFD482 /* CollectionViewCell.swift */ = {isa = PBXFileReference; lastKnownFileType = sourcecode.swift; path = CollectionViewCell.swift; sourceTree = "<group>"; };
		520082C30454E64F7F330A77 /* Pods-hr_Scrolling_images.release.xcconfig */ = {isa = PBXFileReference; includeInIndex = 1; lastKnownFileType = text.xcconfig; name = "Pods-hr_Scrolling_images.release.xcconfig"; path = "Target Support Files/Pods-hr_Scrolling_images/Pods-hr_Scrolling_images.release.xcconfig"; sourceTree = "<group>"; };
		6571C3A66D2542C5A4071DC5 /* Pods-hr_Scrolling_images.debug.xcconfig */ = {isa = PBXFileReference; includeInIndex = 1; lastKnownFileType = text.xcconfig; name = "Pods-hr_Scrolling_images.debug.xcconfig"; path = "Target Support Files/Pods-hr_Scrolling_images/Pods-hr_Scrolling_images.debug.xcconfig"; sourceTree = "<group>"; };
		9B1D08206ED202C086DB4C74 /* Pods_hr_Scrolling_images.framework */ = {isa = PBXFileReference; explicitFileType = wrapper.framework; includeInIndex = 0; path = Pods_hr_Scrolling_images.framework; sourceTree = BUILT_PRODUCTS_DIR; };
/* End PBXFileReference section */

/* Begin PBXFrameworksBuildPhase section */
		0416C0B32A82BC2D0014EC80 /* Frameworks */ = {
			isa = PBXFrameworksBuildPhase;
			buildActionMask = 2147483647;
			files = (
				D5E790ACA1D7AF9DBFF16D7B /* Pods_hr_Scrolling_images.framework in Frameworks */,
			);
			runOnlyForDeploymentPostprocessing = 0;
		};
/* End PBXFrameworksBuildPhase section */

/* Begin PBXGroup section */
		0416C0AD2A82BC2D0014EC80 = {
			isa = PBXGroup;
			children = (
				0416C0B82A82BC2D0014EC80 /* hr_Scrolling_images */,
				0416C0B72A82BC2D0014EC80 /* Products */,
				82475F81F36FBF9B097BBDBC /* Pods */,
				931BC2B60B3D92471DB17ABA /* Frameworks */,
			);
			sourceTree = "<group>";
		};
		0416C0B72A82BC2D0014EC80 /* Products */ = {
			isa = PBXGroup;
			children = (
				0416C0B62A82BC2D0014EC80 /* hr_Scrolling_images.app */,
			);
			name = Products;
			sourceTree = "<group>";
		};
		0416C0B82A82BC2D0014EC80 /* hr_Scrolling_images */ = {
			isa = PBXGroup;
			children = (
				041CE9912ABB75FE00538BF7 /* model */,
				041CE9902ABB75F000538BF7 /* cell */,
				041CE98F2ABB75DC00538BF7 /* controller */,
				041CE98E2ABB75C900538BF7 /* storyboard */,
				041CE98D2ABB75BA00538BF7 /* delegate */,
				0416C0C22A82BC2F0014EC80 /* Assets.xcassets */,
				0416C0C72A82BC2F0014EC80 /* Info.plist */,
			);
			path = hr_Scrolling_images;
			sourceTree = "<group>";
		};
		041CE98D2ABB75BA00538BF7 /* delegate */ = {
			isa = PBXGroup;
			children = (
				0416C0B92A82BC2D0014EC80 /* AppDelegate.swift */,
				0416C0BB2A82BC2D0014EC80 /* SceneDelegate.swift */,
			);
			path = delegate;
			sourceTree = "<group>";
		};
		041CE98E2ABB75C900538BF7 /* storyboard */ = {
			isa = PBXGroup;
			children = (
				0416C0BF2A82BC2D0014EC80 /* Main.storyboard */,
				0416C0C42A82BC2F0014EC80 /* LaunchScreen.storyboard */,
			);
			path = storyboard;
			sourceTree = "<group>";
		};
		041CE98F2ABB75DC00538BF7 /* controller */ = {
			isa = PBXGroup;
			children = (
				0416C0BD2A82BC2D0014EC80 /* ViewController.swift */,
			);
			path = controller;
			sourceTree = "<group>";
		};
		041CE9902ABB75F000538BF7 /* cell */ = {
			isa = PBXGroup;
			children = (
				04916B462A838EAC00AFD482 /* CollectionViewCell.swift */,
				04916B442A838D5F00AFD482 /* TableViewCell.swift */,
			);
			path = cell;
			sourceTree = "<group>";
		};
		041CE9912ABB75FE00538BF7 /* model */ = {
			isa = PBXGroup;
			children = (
				0416C0CD2A82BC4E0014EC80 /* model.swift */,
			);
			path = model;
			sourceTree = "<group>";
		};
		82475F81F36FBF9B097BBDBC /* Pods */ = {
			isa = PBXGroup;
			children = (
				6571C3A66D2542C5A4071DC5 /* Pods-hr_Scrolling_images.debug.xcconfig */,
				520082C30454E64F7F330A77 /* Pods-hr_Scrolling_images.release.xcconfig */,
			);
			path = Pods;
			sourceTree = "<group>";
		};
		931BC2B60B3D92471DB17ABA /* Frameworks */ = {
			isa = PBXGroup;
			children = (
				9B1D08206ED202C086DB4C74 /* Pods_hr_Scrolling_images.framework */,
			);
			name = Frameworks;
			sourceTree = "<group>";
		};
/* End PBXGroup section */

/* Begin PBXNativeTarget section */
		0416C0B52A82BC2D0014EC80 /* hr_Scrolling_images */ = {
			isa = PBXNativeTarget;
			buildConfigurationList = 0416C0CA2A82BC2F0014EC80 /* Build configuration list for PBXNativeTarget "hr_Scrolling_images" */;
			buildPhases = (
				8E03C58493D2F9D76FBBD41E /* [CP] Check Pods Manifest.lock */,
				0416C0B22A82BC2D0014EC80 /* Sources */,
				0416C0B32A82BC2D0014EC80 /* Frameworks */,
				0416C0B42A82BC2D0014EC80 /* Resources */,
				662D6168A4DC32A2E4B15C00 /* [CP] Embed Pods Frameworks */,
			);
			buildRules = (
			);
			dependencies = (
			);
			name = hr_Scrolling_images;
			productName = hr_Scrolling_images;
			productReference = 0416C0B62A82BC2D0014EC80 /* hr_Scrolling_images.app */;
			productType = "com.apple.product-type.application";
		};
/* End PBXNativeTarget section */

/* Begin PBXProject section */
		0416C0AE2A82BC2D0014EC80 /* Project object */ = {
			isa = PBXProject;
			attributes = {
				BuildIndependentTargetsInParallel = 1;
				LastSwiftUpdateCheck = 1400;
				LastUpgradeCheck = 1400;
				TargetAttributes = {
					0416C0B52A82BC2D0014EC80 = {
						CreatedOnToolsVersion = 14.0;
					};
				};
			};
			buildConfigurationList = 0416C0B12A82BC2D0014EC80 /* Build configuration list for PBXProject "hr_Scrolling_images" */;
			compatibilityVersion = "Xcode 14.0";
			developmentRegion = en;
			hasScannedForEncodings = 0;
			knownRegions = (
				en,
				Base,
			);
			mainGroup = 0416C0AD2A82BC2D0014EC80;
			productRefGroup = 0416C0B72A82BC2D0014EC80 /* Products */;
			projectDirPath = "";
			projectRoot = "";
			targets = (
				0416C0B52A82BC2D0014EC80 /* hr_Scrolling_images */,
			);
		};
/* End PBXProject section */

/* Begin PBXResourcesBuildPhase section */
		0416C0B42A82BC2D0014EC80 /* Resources */ = {
			isa = PBXResourcesBuildPhase;
			buildActionMask = 2147483647;
			files = (
				0416C0C62A82BC2F0014EC80 /* LaunchScreen.storyboard in Resources */,
				0416C0C32A82BC2F0014EC80 /* Assets.xcassets in Resources */,
				0416C0C12A82BC2D0014EC80 /* Main.storyboard in Resources */,
			);
			runOnlyForDeploymentPostprocessing = 0;
		};
/* End PBXResourcesBuildPhase section */

/* Begin PBXShellScriptBuildPhase section */
		662D6168A4DC32A2E4B15C00 /* [CP] Embed Pods Frameworks */ = {
			isa = PBXShellScriptBuildPhase;
			buildActionMask = 2147483647;
			files = (
			);
			inputFileListPaths = (
				"${PODS_ROOT}/Target Support Files/Pods-hr_Scrolling_images/Pods-hr_Scrolling_images-frameworks-${CONFIGURATION}-input-files.xcfilelist",
			);
			name = "[CP] Embed Pods Frameworks";
			outputFileListPaths = (
				"${PODS_ROOT}/Target Support Files/Pods-hr_Scrolling_images/Pods-hr_Scrolling_images-frameworks-${CONFIGURATION}-output-files.xcfilelist",
			);
			runOnlyForDeploymentPostprocessing = 0;
			shellPath = /bin/sh;
			shellScript = "\"${PODS_ROOT}/Target Support Files/Pods-hr_Scrolling_images/Pods-hr_Scrolling_images-frameworks.sh\"\n";
			showEnvVarsInLog = 0;
		};
		8E03C58493D2F9D76FBBD41E /* [CP] Check Pods Manifest.lock */ = {
			isa = PBXShellScriptBuildPhase;
			buildActionMask = 2147483647;
			files = (
			);
			inputFileListPaths = (
			);
			inputPaths = (
				"${PODS_PODFILE_DIR_PATH}/Podfile.lock",
				"${PODS_ROOT}/Manifest.lock",
			);
			name = "[CP] Check Pods Manifest.lock";
			outputFileListPaths = (
			);
			outputPaths = (
				"$(DERIVED_FILE_DIR)/Pods-hr_Scrolling_images-checkManifestLockResult.txt",
			);
			runOnlyForDeploymentPostprocessing = 0;
			shellPath = /bin/sh;
			shellScript = "diff \"${PODS_PODFILE_DIR_PATH}/Podfile.lock\" \"${PODS_ROOT}/Manifest.lock\" > /dev/null\nif [ $? != 0 ] ; then\n    # print error to STDERR\n    echo \"error: The sandbox is not in sync with the Podfile.lock. Run 'pod install' or update your CocoaPods installation.\" >&2\n    exit 1\nfi\n# This output is used by Xcode 'outputs' to avoid re-running this script phase.\necho \"SUCCESS\" > \"${SCRIPT_OUTPUT_FILE_0}\"\n";
			showEnvVarsInLog = 0;
		};
/* End PBXShellScriptBuildPhase section */

/* Begin PBXSourcesBuildPhase section */
		0416C0B22A82BC2D0014EC80 /* Sources */ = {
			isa = PBXSourcesBuildPhase;
			buildActionMask = 2147483647;
			files = (
				04916B452A838D5F00AFD482 /* TableViewCell.swift in Sources */,
				0416C0BE2A82BC2D0014EC80 /* ViewController.swift in Sources */,
				04916B472A838EAC00AFD482 /* CollectionViewCell.swift in Sources */,
				0416C0BA2A82BC2D0014EC80 /* AppDelegate.swift in Sources */,
				0416C0BC2A82BC2D0014EC80 /* SceneDelegate.swift in Sources */,
				0416C0CE2A82BC4E0014EC80 /* model.swift in Sources */,
			);
			runOnlyForDeploymentPostprocessing = 0;
		};
/* End PBXSourcesBuildPhase section */

/* Begin PBXVariantGroup section */
		0416C0BF2A82BC2D0014EC80 /* Main.storyboard */ = {
			isa = PBXVariantGroup;
			children = (
				0416C0C02A82BC2D0014EC80 /* Base */,
			);
			name = Main.storyboard;
			sourceTree = "<group>";
		};
		0416C0C42A82BC2F0014EC80 /* LaunchScreen.storyboard */ = {
			isa = PBXVariantGroup;
			children = (
				0416C0C52A82BC2F0014EC80 /* Base */,
			);
			name = LaunchScreen.storyboard;
			sourceTree = "<group>";
		};
/* End PBXVariantGroup section */

/* Begin XCBuildConfiguration section */
		0416C0C82A82BC2F0014EC80 /* Debug */ = {
			isa = XCBuildConfiguration;
			buildSettings = {
				ALWAYS_SEARCH_USER_PATHS = NO;
				CLANG_ANALYZER_NONNULL = YES;
				CLANG_ANALYZER_NUMBER_OBJECT_CONVERSION = YES_AGGRESSIVE;
				CLANG_CXX_LANGUAGE_STANDARD = "gnu++20";
				CLANG_ENABLE_MODULES = YES;
				CLANG_ENABLE_OBJC_ARC = YES;
				CLANG_ENABLE_OBJC_WEAK = YES;
				CLANG_WARN_BLOCK_CAPTURE_AUTORELEASING = YES;
				CLANG_WARN_BOOL_CONVERSION = YES;
				CLANG_WARN_COMMA = YES;
				CLANG_WARN_CONSTANT_CONVERSION = YES;
				CLANG_WARN_DEPRECATED_OBJC_IMPLEMENTATIONS = YES;
				CLANG_WARN_DIRECT_OBJC_ISA_USAGE = YES_ERROR;
				CLANG_WARN_DOCUMENTATION_COMMENTS = YES;
				CLANG_WARN_EMPTY_BODY = YES;
				CLANG_WARN_ENUM_CONVERSION = YES;
				CLANG_WARN_INFINITE_RECURSION = YES;
				CLANG_WARN_INT_CONVERSION = YES;
				CLANG_WARN_NON_LITERAL_NULL_CONVERSION = YES;
				CLANG_WARN_OBJC_IMPLICIT_RETAIN_SELF = YES;
				CLANG_WARN_OBJC_LITERAL_CONVERSION = YES;
				CLANG_WARN_OBJC_ROOT_CLASS = YES_ERROR;
				CLANG_WARN_QUOTED_INCLUDE_IN_FRAMEWORK_HEADER = YES;
				CLANG_WARN_RANGE_LOOP_ANALYSIS = YES;
				CLANG_WARN_STRICT_PROTOTYPES = YES;
				CLANG_WARN_SUSPICIOUS_MOVE = YES;
				CLANG_WARN_UNGUARDED_AVAILABILITY = YES_AGGRESSIVE;
				CLANG_WARN_UNREACHABLE_CODE = YES;
				CLANG_WARN__DUPLICATE_METHOD_MATCH = YES;
				COPY_PHASE_STRIP = NO;
				DEBUG_INFORMATION_FORMAT = dwarf;
				ENABLE_STRICT_OBJC_MSGSEND = YES;
				ENABLE_TESTABILITY = YES;
				GCC_C_LANGUAGE_STANDARD = gnu11;
				GCC_DYNAMIC_NO_PIC = NO;
				GCC_NO_COMMON_BLOCKS = YES;
				GCC_OPTIMIZATION_LEVEL = 0;
				GCC_PREPROCESSOR_DEFINITIONS = (
					"DEBUG=1",
					"$(inherited)",
				);
				GCC_WARN_64_TO_32_BIT_CONVERSION = YES;
				GCC_WARN_ABOUT_RETURN_TYPE = YES_ERROR;
				GCC_WARN_UNDECLARED_SELECTOR = YES;
				GCC_WARN_UNINITIALIZED_AUTOS = YES_AGGRESSIVE;
				GCC_WARN_UNUSED_FUNCTION = YES;
				GCC_WARN_UNUSED_VARIABLE = YES;
				IPHONEOS_DEPLOYMENT_TARGET = 16.0;
				MTL_ENABLE_DEBUG_INFO = INCLUDE_SOURCE;
				MTL_FAST_MATH = YES;
				ONLY_ACTIVE_ARCH = YES;
				SDKROOT = iphoneos;
				SWIFT_ACTIVE_COMPILATION_CONDITIONS = DEBUG;
				SWIFT_OPTIMIZATION_LEVEL = "-Onone";
			};
			name = Debug;
		};
		0416C0C92A82BC2F0014EC80 /* Release */ = {
			isa = XCBuildConfiguration;
			buildSettings = {
				ALWAYS_SEARCH_USER_PATHS = NO;
				CLANG_ANALYZER_NONNULL = YES;
				CLANG_ANALYZER_NUMBER_OBJECT_CONVERSION = YES_AGGRESSIVE;
				CLANG_CXX_LANGUAGE_STANDARD = "gnu++20";
				CLANG_ENABLE_MODULES = YES;
				CLANG_ENABLE_OBJC_ARC = YES;
				CLANG_ENABLE_OBJC_WEAK = YES;
				CLANG_WARN_BLOCK_CAPTURE_AUTORELEASING = YES;
				CLANG_WARN_BOOL_CONVERSION = YES;
				CLANG_WARN_COMMA = YES;
				CLANG_WARN_CONSTANT_CONVERSION = YES;
				CLANG_WARN_DEPRECATED_OBJC_IMPLEMENTATIONS = YES;
				CLANG_WARN_DIRECT_OBJC_ISA_USAGE = YES_ERROR;
				CLANG_WARN_DOCUMENTATION_COMMENTS = YES;
				CLANG_WARN_EMPTY_BODY = YES;
				CLANG_WARN_ENUM_CONVERSION = YES;
				CLANG_WARN_INFINITE_RECURSION = YES;
				CLANG_WARN_INT_CONVERSION = YES;
				CLANG_WARN_NON_LITERAL_NULL_CONVERSION = YES;
				CLANG_WARN_OBJC_IMPLICIT_RETAIN_SELF = YES;
				CLANG_WARN_OBJC_LITERAL_CONVERSION = YES;
				CLANG_WARN_OBJC_ROOT_CLASS = YES_ERROR;
				CLANG_WARN_QUOTED_INCLUDE_IN_FRAMEWORK_HEADER = YES;
				CLANG_WARN_RANGE_LOOP_ANALYSIS = YES;
				CLANG_WARN_STRICT_PROTOTYPES = YES;
				CLANG_WARN_SUSPICIOUS_MOVE = YES;
				CLANG_WARN_UNGUARDED_AVAILABILITY = YES_AGGRESSIVE;
				CLANG_WARN_UNREACHABLE_CODE = YES;
				CLANG_WARN__DUPLICATE_METHOD_MATCH = YES;
				COPY_PHASE_STRIP = NO;
				DEBUG_INFORMATION_FORMAT = "dwarf-with-dsym";
				ENABLE_NS_ASSERTIONS = NO;
				ENABLE_STRICT_OBJC_MSGSEND = YES;
				GCC_C_LANGUAGE_STANDARD = gnu11;
				GCC_NO_COMMON_BLOCKS = YES;
				GCC_WARN_64_TO_32_BIT_CONVERSION = YES;
				GCC_WARN_ABOUT_RETURN_TYPE = YES_ERROR;
				GCC_WARN_UNDECLARED_SELECTOR = YES;
				GCC_WARN_UNINITIALIZED_AUTOS = YES_AGGRESSIVE;
				GCC_WARN_UNUSED_FUNCTION = YES;
				GCC_WARN_UNUSED_VARIABLE = YES;
				IPHONEOS_DEPLOYMENT_TARGET = 16.0;
				MTL_ENABLE_DEBUG_INFO = NO;
				MTL_FAST_MATH = YES;
				SDKROOT = iphoneos;
				SWIFT_COMPILATION_MODE = wholemodule;
				SWIFT_OPTIMIZATION_LEVEL = "-O";
				VALIDATE_PRODUCT = YES;
			};
			name = Release;
		};
		0416C0CB2A82BC2F0014EC80 /* Debug */ = {
			isa = XCBuildConfiguration;
			baseConfigurationReference = 6571C3A66D2542C5A4071DC5 /* Pods-hr_Scrolling_images.debug.xcconfig */;
			buildSettings = {
				ASSETCATALOG_COMPILER_APPICON_NAME = AppIcon;
				ASSETCATALOG_COMPILER_GLOBAL_ACCENT_COLOR_NAME = AccentColor;
				CODE_SIGN_STYLE = Automatic;
				CURRENT_PROJECT_VERSION = 1;
				DEVELOPMENT_TEAM = 3SVJCY4HWZ;
				GENERATE_INFOPLIST_FILE = YES;
				INFOPLIST_FILE = hr_Scrolling_images/Info.plist;
				INFOPLIST_KEY_UIApplicationSupportsIndirectInputEvents = YES;
				INFOPLIST_KEY_UILaunchStoryboardName = LaunchScreen;
				INFOPLIST_KEY_UIMainStoryboardFile = Main;
				INFOPLIST_KEY_UISupportedInterfaceOrientations = "UIInterfaceOrientationLandscapeLeft UIInterfaceOrientationLandscapeRight UIInterfaceOrientationPortrait";
				INFOPLIST_KEY_UISupportedInterfaceOrientations_iPad = "UIInterfaceOrientationLandscapeLeft UIInterfaceOrientationLandscapeRight UIInterfaceOrientationPortrait UIInterfaceOrientationPortraitUpsideDown";
				LD_RUNPATH_SEARCH_PATHS = (
					"$(inherited)",
					"@executable_path/Frameworks",
				);
				MARKETING_VERSION = 1.0;
				PRODUCT_BUNDLE_IDENTIFIER = "vijay.hr-Scrolling-images";
				PRODUCT_NAME = "$(TARGET_NAME)";
				SWIFT_EMIT_LOC_STRINGS = YES;
				SWIFT_VERSION = 5.0;
				TARGETED_DEVICE_FAMILY = "1,2";
			};
			name = Debug;
		};
		0416C0CC2A82BC2F0014EC80 /* Release */ = {
			isa = XCBuildConfiguration;
			baseConfigurationReference = 520082C30454E64F7F330A77 /* Pods-hr_Scrolling_images.release.xcconfig */;
			buildSettings = {
				ASSETCATALOG_COMPILER_APPICON_NAME = AppIcon;
				ASSETCATALOG_COMPILER_GLOBAL_ACCENT_COLOR_NAME = AccentColor;
				CODE_SIGN_STYLE = Automatic;
				CURRENT_PROJECT_VERSION = 1;
				DEVELOPMENT_TEAM = 3SVJCY4HWZ;
				GENERATE_INFOPLIST_FILE = YES;
				INFOPLIST_FILE = hr_Scrolling_images/Info.plist;
				INFOPLIST_KEY_UIApplicationSupportsIndirectInputEvents = YES;
				INFOPLIST_KEY_UILaunchStoryboardName = LaunchScreen;
				INFOPLIST_KEY_UIMainStoryboardFile = Main;
				INFOPLIST_KEY_UISupportedInterfaceOrientations = "UIInterfaceOrientationLandscapeLeft UIInterfaceOrientationLandscapeRight UIInterfaceOrientationPortrait";
				INFOPLIST_KEY_UISupportedInterfaceOrientations_iPad = "UIInterfaceOrientationLandscapeLeft UIInterfaceOrientationLandscapeRight UIInterfaceOrientationPortrait UIInterfaceOrientationPortraitUpsideDown";
				LD_RUNPATH_SEARCH_PATHS = (
					"$(inherited)",
					"@executable_path/Frameworks",
				);
				MARKETING_VERSION = 1.0;
				PRODUCT_BUNDLE_IDENTIFIER = "vijay.hr-Scrolling-images";
				PRODUCT_NAME = "$(TARGET_NAME)";
				SWIFT_EMIT_LOC_STRINGS = YES;
				SWIFT_VERSION = 5.0;
				TARGETED_DEVICE_FAMILY = "1,2";
			};
			name = Release;
		};
/* End XCBuildConfiguration section */

/* Begin XCConfigurationList section */
		0416C0B12A82BC2D0014EC80 /* Build configuration list for PBXProject "hr_Scrolling_images" */ = {
			isa = XCConfigurationList;
			buildConfigurations = (
				0416C0C82A82BC2F0014EC80 /* Debug */,
				0416C0C92A82BC2F0014EC80 /* Release */,
			);
			defaultConfigurationIsVisible = 0;
			defaultConfigurationName = Release;
		};
		0416C0CA2A82BC2F0014EC80 /* Build configuration list for PBXNativeTarget "hr_Scrolling_images" */ = {
			isa = XCConfigurationList;
			buildConfigurations = (
				0416C0CB2A82BC2F0014EC80 /* Debug */,
				0416C0CC2A82BC2F0014EC80 /* Release */,
			);
			defaultConfigurationIsVisible = 0;
			defaultConfigurationName = Release;
		};
/* End XCConfigurationList section */
	};
	rootObject = 0416C0AE2A82BC2D0014EC80 /* Project object */;
}
